
Microsoft Visual Studio Solution File, Format Version 11.00
# Visual Studio 2010
Project("{FAE04EC0-301F-11D3-BF4B-00C04F79EFBC}") = "Sitecore.EditForm", "src\Sitecore.EditForm\Sitecore.EditForm.csproj", "{DCE223A7-127D-464C-8B0C-ECE13302D3A9}"
EndProject
Global
	GlobalSection(SolutionConfigurationPlatforms) = preSolution
		Debug|Any CPU = Debug|Any CPU
		Release|Any CPU = Release|Any CPU
	EndGlobalSection
	GlobalSection(ProjectConfigurationPlatforms) = postSolution
		{DCE223A7-127D-464C-8B0C-ECE13302D3A9}.Debug|Any CPU.ActiveCfg = Debug|Any CPU
		{DCE223A7-127D-464C-8B0C-ECE13302D3A9}.Debug|Any CPU.Build.0 = Debug|Any CPU
		{DCE223A7-127D-464C-8B0C-ECE13302D3A9}.Release|Any CPU.ActiveCfg = Release|Any CPU
		{DCE223A7-127D-464C-8B0C-ECE13302D3A9}.Release|Any CPU.Build.0 = Release|Any CPU
	EndGlobalSection
	GlobalSection(SolutionProperties) = preSolution
		HideSolutionNode = FALSE
	EndGlobalSection
EndGlobal
